// !$*UTF8*$!
{
	archiveVersion = 1;
	classes = {
	};
	objectVersion = 56;
	objects = {

/* Begin PBXBuildFile section */
		F5127C852C342301003EA34D /* AppDelegate.swift in Sources */ = {isa = PBXBuildFile; fileRef = F5127C842C342301003EA34D /* AppDelegate.swift */; };
		F5127C872C342301003EA34D /* SceneDelegate.swift in Sources */ = {isa = PBXBuildFile; fileRef = F5127C862C342301003EA34D /* SceneDelegate.swift */; };
		F5127C8F2C342301003EA34D /* Moody.xcdatamodeld in Sources */ = {isa = PBXBuildFile; fileRef = F5127C8D2C342301003EA34D /* Moody.xcdatamodeld */; };
		F5127C912C342304003EA34D /* Assets.xcassets in Resources */ = {isa = PBXBuildFile; fileRef = F5127C902C342304003EA34D /* Assets.xcassets */; };
		F5127C942C342304003EA34D /* LaunchScreen.storyboard in Resources */ = {isa = PBXBuildFile; fileRef = F5127C922C342304003EA34D /* LaunchScreen.storyboard */; };
		F55185172C3D341C00AEAFC2 /* SignOutView.swift in Sources */ = {isa = PBXBuildFile; fileRef = F55185162C3D341C00AEAFC2 /* SignOutView.swift */; };
		F55F06742C3571CF0001FFE6 /* Extensions.swift in Sources */ = {isa = PBXBuildFile; fileRef = F55F06732C3571CF0001FFE6 /* Extensions.swift */; };
		F5761AAA2C34449D004AD19A /* HomeViewController.swift in Sources */ = {isa = PBXBuildFile; fileRef = F5761AA92C34449D004AD19A /* HomeViewController.swift */; };
		F5761AAC2C3444B1004AD19A /* MyMoodViewController.swift in Sources */ = {isa = PBXBuildFile; fileRef = F5761AAB2C3444B1004AD19A /* MyMoodViewController.swift */; };
		F5761AAE2C3444B8004AD19A /* LibraryViewController.swift in Sources */ = {isa = PBXBuildFile; fileRef = F5761AAD2C3444B8004AD19A /* LibraryViewController.swift */; };
		F5761AB02C3444DE004AD19A /* TabBarViewController.swift in Sources */ = {isa = PBXBuildFile; fileRef = F5761AAF2C3444DE004AD19A /* TabBarViewController.swift */; };
		F5761AB22C344907004AD19A /* AuthManager.swift in Sources */ = {isa = PBXBuildFile; fileRef = F5761AB12C344907004AD19A /* AuthManager.swift */; };
		F5761AB42C344BBE004AD19A /* WelcomeViewController.swift in Sources */ = {isa = PBXBuildFile; fileRef = F5761AB32C344BBE004AD19A /* WelcomeViewController.swift */; };
		F5761AB72C344E6F004AD19A /* SnapKit in Frameworks */ = {isa = PBXBuildFile; productRef = F5761AB62C344E6F004AD19A /* SnapKit */; };
		F5761AB92C344E6F004AD19A /* SnapKit-Dynamic in Frameworks */ = {isa = PBXBuildFile; productRef = F5761AB82C344E6F004AD19A /* SnapKit-Dynamic */; };
		F5761AC12C3451E3004AD19A /* Gotham-Light.otf in Resources */ = {isa = PBXBuildFile; fileRef = F5761ABF2C3451E3004AD19A /* Gotham-Light.otf */; };
		F5761AC22C3451E3004AD19A /* Gotham-Bold.otf in Resources */ = {isa = PBXBuildFile; fileRef = F5761AC02C3451E3004AD19A /* Gotham-Bold.otf */; };
		F5761AC52C345479004AD19A /* AuthViewController.swift in Sources */ = {isa = PBXBuildFile; fileRef = F5761AC42C345479004AD19A /* AuthViewController.swift */; };
		F577BE8A2C3AD8E3007B636C /* PlaylistCollectionViewCell.swift in Sources */ = {isa = PBXBuildFile; fileRef = F577BE892C3AD8E3007B636C /* PlaylistCollectionViewCell.swift */; };
		F5A04CD72C36EC30003068DE /* AuthResponse.swift in Sources */ = {isa = PBXBuildFile; fileRef = F5A04CD62C36EC30003068DE /* AuthResponse.swift */; };
		F5D0AD832C382B5100A1AD1F /* APICaller.swift in Sources */ = {isa = PBXBuildFile; fileRef = F5D0AD822C382B5100A1AD1F /* APICaller.swift */; };
		F5D0AD852C382B9F00A1AD1F /* UserProfile.swift in Sources */ = {isa = PBXBuildFile; fileRef = F5D0AD842C382B9F00A1AD1F /* UserProfile.swift */; };
		F5D0AD872C383BA000A1AD1F /* ProfileView.swift in Sources */ = {isa = PBXBuildFile; fileRef = F5D0AD862C383BA000A1AD1F /* ProfileView.swift */; };
		F5D0AD8A2C383CAF00A1AD1F /* Kingfisher in Frameworks */ = {isa = PBXBuildFile; productRef = F5D0AD892C383CAF00A1AD1F /* Kingfisher */; };
/* End PBXBuildFile section */

/* Begin PBXFileReference section */
		F5127C812C342301003EA34D /* Moody.app */ = {isa = PBXFileReference; explicitFileType = wrapper.application; includeInIndex = 0; path = Moody.app; sourceTree = BUILT_PRODUCTS_DIR; };
		F5127C842C342301003EA34D /* AppDelegate.swift */ = {isa = PBXFileReference; lastKnownFileType = sourcecode.swift; path = AppDelegate.swift; sourceTree = "<group>"; };
		F5127C862C342301003EA34D /* SceneDelegate.swift */ = {isa = PBXFileReference; lastKnownFileType = sourcecode.swift; path = SceneDelegate.swift; sourceTree = "<group>"; };
		F5127C8E2C342301003EA34D /* Moody.xcdatamodel */ = {isa = PBXFileReference; lastKnownFileType = wrapper.xcdatamodel; path = Moody.xcdatamodel; sourceTree = "<group>"; };
		F5127C902C342304003EA34D /* Assets.xcassets */ = {isa = PBXFileReference; lastKnownFileType = folder.assetcatalog; path = Assets.xcassets; sourceTree = "<group>"; };
		F5127C932C342304003EA34D /* Base */ = {isa = PBXFileReference; lastKnownFileType = file.storyboard; name = Base; path = Base.lproj/LaunchScreen.storyboard; sourceTree = "<group>"; };
		F5127C952C342304003EA34D /* Info.plist */ = {isa = PBXFileReference; lastKnownFileType = text.plist.xml; path = Info.plist; sourceTree = "<group>"; };
		F55185162C3D341C00AEAFC2 /* SignOutView.swift */ = {isa = PBXFileReference; lastKnownFileType = sourcecode.swift; path = SignOutView.swift; sourceTree = "<group>"; };
		F55F06732C3571CF0001FFE6 /* Extensions.swift */ = {isa = PBXFileReference; lastKnownFileType = sourcecode.swift; path = Extensions.swift; sourceTree = "<group>"; };
		F5761AA92C34449D004AD19A /* HomeViewController.swift */ = {isa = PBXFileReference; lastKnownFileType = sourcecode.swift; path = HomeViewController.swift; sourceTree = "<group>"; };
		F5761AAB2C3444B1004AD19A /* MyMoodViewController.swift */ = {isa = PBXFileReference; lastKnownFileType = sourcecode.swift; path = MyMoodViewController.swift; sourceTree = "<group>"; };
		F5761AAD2C3444B8004AD19A /* LibraryViewController.swift */ = {isa = PBXFileReference; lastKnownFileType = sourcecode.swift; path = LibraryViewController.swift; sourceTree = "<group>"; };
		F5761AAF2C3444DE004AD19A /* TabBarViewController.swift */ = {isa = PBXFileReference; lastKnownFileType = sourcecode.swift; path = TabBarViewController.swift; sourceTree = "<group>"; };
		F5761AB12C344907004AD19A /* AuthManager.swift */ = {isa = PBXFileReference; lastKnownFileType = sourcecode.swift; path = AuthManager.swift; sourceTree = "<group>"; };
		F5761AB32C344BBE004AD19A /* WelcomeViewController.swift */ = {isa = PBXFileReference; lastKnownFileType = sourcecode.swift; path = WelcomeViewController.swift; sourceTree = "<group>"; };
		F5761ABF2C3451E3004AD19A /* Gotham-Light.otf */ = {isa = PBXFileReference; lastKnownFileType = file; path = "Gotham-Light.otf"; sourceTree = "<group>"; };
		F5761AC02C3451E3004AD19A /* Gotham-Bold.otf */ = {isa = PBXFileReference; lastKnownFileType = file; path = "Gotham-Bold.otf"; sourceTree = "<group>"; };
		F5761AC42C345479004AD19A /* AuthViewController.swift */ = {isa = PBXFileReference; lastKnownFileType = sourcecode.swift; path = AuthViewController.swift; sourceTree = "<group>"; };
		F577BE892C3AD8E3007B636C /* PlaylistCollectionViewCell.swift */ = {isa = PBXFileReference; lastKnownFileType = sourcecode.swift; path = PlaylistCollectionViewCell.swift; sourceTree = "<group>"; };
		F5A04CD62C36EC30003068DE /* AuthResponse.swift */ = {isa = PBXFileReference; lastKnownFileType = sourcecode.swift; path = AuthResponse.swift; sourceTree = "<group>"; };
		F5D0AD822C382B5100A1AD1F /* APICaller.swift */ = {isa = PBXFileReference; lastKnownFileType = sourcecode.swift; path = APICaller.swift; sourceTree = "<group>"; };
		F5D0AD842C382B9F00A1AD1F /* UserProfile.swift */ = {isa = PBXFileReference; lastKnownFileType = sourcecode.swift; path = UserProfile.swift; sourceTree = "<group>"; };
		F5D0AD862C383BA000A1AD1F /* ProfileView.swift */ = {isa = PBXFileReference; lastKnownFileType = sourcecode.swift; path = ProfileView.swift; sourceTree = "<group>"; };
/* End PBXFileReference section */

/* Begin PBXFrameworksBuildPhase section */
		F5127C7E2C342301003EA34D /* Frameworks */ = {
			isa = PBXFrameworksBuildPhase;
			buildActionMask = 2147483647;
			files = (
				F5D0AD8A2C383CAF00A1AD1F /* Kingfisher in Frameworks */,
				F5761AB72C344E6F004AD19A /* SnapKit in Frameworks */,
				F5761AB92C344E6F004AD19A /* SnapKit-Dynamic in Frameworks */,
			);
			runOnlyForDeploymentPostprocessing = 0;
		};
/* End PBXFrameworksBuildPhase section */

/* Begin PBXGroup section */
		F5127C782C342301003EA34D = {
			isa = PBXGroup;
			children = (
				F5127C832C342301003EA34D /* Moody */,
				F5127C822C342301003EA34D /* Products */,
			);
			sourceTree = "<group>";
		};
		F5127C822C342301003EA34D /* Products */ = {
			isa = PBXGroup;
			children = (
				F5127C812C342301003EA34D /* Moody.app */,
			);
			name = Products;
			sourceTree = "<group>";
		};
		F5127C832C342301003EA34D /* Moody */ = {
			isa = PBXGroup;
			children = (
				F5A04CD52C36EC28003068DE /* Models */,
				F5761ABC2C345012004AD19A /* Constants */,
				F5761AA82C343FF3004AD19A /* Application */,
				F5761AA72C343FED004AD19A /* Resources */,
				F5761AA62C343FE5004AD19A /* Managers */,
				F5761AA52C343FDC004AD19A /* ViewModels */,
				F5761AA42C343FD7004AD19A /* Controllers */,
				F5761AA32C343FD0004AD19A /* Views */,
				F5127C952C342304003EA34D /* Info.plist */,
				F5127C8D2C342301003EA34D /* Moody.xcdatamodeld */,
			);
			path = Moody;
			sourceTree = "<group>";
		};
		F5761AA32C343FD0004AD19A /* Views */ = {
			isa = PBXGroup;
			children = (
			);
			path = Views;
			sourceTree = "<group>";
		};
		F5761AA42C343FD7004AD19A /* Controllers */ = {
			isa = PBXGroup;
			children = (
				F577BE882C3AD16A007B636C /* Library */,
				F5761AA92C34449D004AD19A /* HomeViewController.swift */,
				F5761AAB2C3444B1004AD19A /* MyMoodViewController.swift */,
				F5761AAF2C3444DE004AD19A /* TabBarViewController.swift */,
				F5761AB32C344BBE004AD19A /* WelcomeViewController.swift */,
				F5761AC42C345479004AD19A /* AuthViewController.swift */,
			);
			path = Controllers;
			sourceTree = "<group>";
		};
		F5761AA52C343FDC004AD19A /* ViewModels */ = {
			isa = PBXGroup;
			children = (
			);
			path = ViewModels;
			sourceTree = "<group>";
		};
		F5761AA62C343FE5004AD19A /* Managers */ = {
			isa = PBXGroup;
			children = (
				F5761AB12C344907004AD19A /* AuthManager.swift */,
				F5D0AD822C382B5100A1AD1F /* APICaller.swift */,
			);
			path = Managers;
			sourceTree = "<group>";
		};
		F5761AA72C343FED004AD19A /* Resources */ = {
			isa = PBXGroup;
			children = (
				F5761AC02C3451E3004AD19A /* Gotham-Bold.otf */,
				F5761ABF2C3451E3004AD19A /* Gotham-Light.otf */,
				F5127C902C342304003EA34D /* Assets.xcassets */,
				F55F06732C3571CF0001FFE6 /* Extensions.swift */,
			);
			path = Resources;
			sourceTree = "<group>";
		};
		F5761AA82C343FF3004AD19A /* Application */ = {
			isa = PBXGroup;
			children = (
				F5127C922C342304003EA34D /* LaunchScreen.storyboard */,
				F5127C862C342301003EA34D /* SceneDelegate.swift */,
				F5127C842C342301003EA34D /* AppDelegate.swift */,
			);
			path = Application;
			sourceTree = "<group>";
		};
		F5761ABC2C345012004AD19A /* Constants */ = {
			isa = PBXGroup;
			children = (
			);
			path = Constants;
			sourceTree = "<group>";
		};
		F577BE882C3AD16A007B636C /* Library */ = {
			isa = PBXGroup;
			children = (
				F5D0AD862C383BA000A1AD1F /* ProfileView.swift */,
				F5761AAD2C3444B8004AD19A /* LibraryViewController.swift */,
				F577BE892C3AD8E3007B636C /* PlaylistCollectionViewCell.swift */,
				F55185162C3D341C00AEAFC2 /* SignOutView.swift */,
			);
			path = Library;
			sourceTree = "<group>";
		};
		F5A04CD52C36EC28003068DE /* Models */ = {
			isa = PBXGroup;
			children = (
				F5A04CD62C36EC30003068DE /* AuthResponse.swift */,
				F5D0AD842C382B9F00A1AD1F /* UserProfile.swift */,
			);
			path = Models;
			sourceTree = "<group>";
		};
/* End PBXGroup section */

/* Begin PBXNativeTarget section */
		F5127C802C342301003EA34D /* Moody */ = {
			isa = PBXNativeTarget;
			buildConfigurationList = F5127C982C342304003EA34D /* Build configuration list for PBXNativeTarget "Moody" */;
			buildPhases = (
				F5127C7D2C342301003EA34D /* Sources */,
				F5127C7E2C342301003EA34D /* Frameworks */,
				F5127C7F2C342301003EA34D /* Resources */,
			);
			buildRules = (
			);
			dependencies = (
			);
			name = Moody;
			packageProductDependencies = (
				F5761AB62C344E6F004AD19A /* SnapKit */,
				F5761AB82C344E6F004AD19A /* SnapKit-Dynamic */,
				F5D0AD892C383CAF00A1AD1F /* Kingfisher */,
			);
			productName = Moody;
			productReference = F5127C812C342301003EA34D /* Moody.app */;
			productType = "com.apple.product-type.application";
		};
/* End PBXNativeTarget section */

/* Begin PBXProject section */
		F5127C792C342301003EA34D /* Project object */ = {
			isa = PBXProject;
			attributes = {
				BuildIndependentTargetsInParallel = 1;
				LastSwiftUpdateCheck = 1520;
				LastUpgradeCheck = 1520;
				TargetAttributes = {
					F5127C802C342301003EA34D = {
						CreatedOnToolsVersion = 15.2;
					};
				};
			};
			buildConfigurationList = F5127C7C2C342301003EA34D /* Build configuration list for PBXProject "Moody" */;
			compatibilityVersion = "Xcode 14.0";
			developmentRegion = en;
			hasScannedForEncodings = 0;
			knownRegions = (
				en,
				Base,
			);
			mainGroup = F5127C782C342301003EA34D;
			packageReferences = (
				F5761AB52C344E6F004AD19A /* XCRemoteSwiftPackageReference "SnapKit" */,
				F5D0AD882C383CAF00A1AD1F /* XCRemoteSwiftPackageReference "Kingfisher" */,
			);
			productRefGroup = F5127C822C342301003EA34D /* Products */;
			projectDirPath = "";
			projectRoot = "";
			targets = (
				F5127C802C342301003EA34D /* Moody */,
			);
		};
/* End PBXProject section */

/* Begin PBXResourcesBuildPhase section */
		F5127C7F2C342301003EA34D /* Resources */ = {
			isa = PBXResourcesBuildPhase;
			buildActionMask = 2147483647;
			files = (
				F5761AC22C3451E3004AD19A /* Gotham-Bold.otf in Resources */,
				F5127C942C342304003EA34D /* LaunchScreen.storyboard in Resources */,
				F5127C912C342304003EA34D /* Assets.xcassets in Resources */,
				F5761AC12C3451E3004AD19A /* Gotham-Light.otf in Resources */,
			);
			runOnlyForDeploymentPostprocessing = 0;
		};
/* End PBXResourcesBuildPhase section */

/* Begin PBXSourcesBuildPhase section */
		F5127C7D2C342301003EA34D /* Sources */ = {
			isa = PBXSourcesBuildPhase;
			buildActionMask = 2147483647;
			files = (
				F5761AB42C344BBE004AD19A /* WelcomeViewController.swift in Sources */,
				F5761AB02C3444DE004AD19A /* TabBarViewController.swift in Sources */,
				F5D0AD852C382B9F00A1AD1F /* UserProfile.swift in Sources */,
				F5761AC52C345479004AD19A /* AuthViewController.swift in Sources */,
				F5D0AD832C382B5100A1AD1F /* APICaller.swift in Sources */,
				F5761AB22C344907004AD19A /* AuthManager.swift in Sources */,
				F5D0AD872C383BA000A1AD1F /* ProfileView.swift in Sources */,
				F5761AB02C3444DE004AD19A /* TabBarViewController.swift in Sources */,
				F55185172C3D341C00AEAFC2 /* SignOutView.swift in Sources */,
				F5761AAA2C34449D004AD19A /* HomeViewController.swift in Sources */,
				F5761AAC2C3444B1004AD19A /* MyMoodViewController.swift in Sources */,
				F5127C852C342301003EA34D /* AppDelegate.swift in Sources */,
				F5761AAE2C3444B8004AD19A /* LibraryViewController.swift in Sources */,
				F5127C8F2C342301003EA34D /* Moody.xcdatamodeld in Sources */,
				F55F06742C3571CF0001FFE6 /* Extensions.swift in Sources */,
				F5A04CD72C36EC30003068DE /* AuthResponse.swift in Sources */,
				F577BE8A2C3AD8E3007B636C /* PlaylistCollectionViewCell.swift in Sources */,
				F5127C872C342301003EA34D /* SceneDelegate.swift in Sources */,
			);
			runOnlyForDeploymentPostprocessing = 0;
		};
/* End PBXSourcesBuildPhase section */

/* Begin PBXVariantGroup section */
		F5127C922C342304003EA34D /* LaunchScreen.storyboard */ = {
			isa = PBXVariantGroup;
			children = (
				F5127C932C342304003EA34D /* Base */,
			);
			name = LaunchScreen.storyboard;
			sourceTree = "<group>";
		};
/* End PBXVariantGroup section */

/* Begin XCBuildConfiguration section */
		F5127C962C342304003EA34D /* Debug */ = {
			isa = XCBuildConfiguration;
			buildSettings = {
				ALWAYS_SEARCH_USER_PATHS = NO;
				ASSETCATALOG_COMPILER_GENERATE_SWIFT_ASSET_SYMBOL_EXTENSIONS = YES;
				CLANG_ANALYZER_NONNULL = YES;
				CLANG_ANALYZER_NUMBER_OBJECT_CONVERSION = YES_AGGRESSIVE;
				CLANG_CXX_LANGUAGE_STANDARD = "gnu++20";
				CLANG_ENABLE_MODULES = YES;
				CLANG_ENABLE_OBJC_ARC = YES;
				CLANG_ENABLE_OBJC_WEAK = YES;
				CLANG_WARN_BLOCK_CAPTURE_AUTORELEASING = YES;
				CLANG_WARN_BOOL_CONVERSION = YES;
				CLANG_WARN_COMMA = YES;
				CLANG_WARN_CONSTANT_CONVERSION = YES;
				CLANG_WARN_DEPRECATED_OBJC_IMPLEMENTATIONS = YES;
				CLANG_WARN_DIRECT_OBJC_ISA_USAGE = YES_ERROR;
				CLANG_WARN_DOCUMENTATION_COMMENTS = YES;
				CLANG_WARN_EMPTY_BODY = YES;
				CLANG_WARN_ENUM_CONVERSION = YES;
				CLANG_WARN_INFINITE_RECURSION = YES;
				CLANG_WARN_INT_CONVERSION = YES;
				CLANG_WARN_NON_LITERAL_NULL_CONVERSION = YES;
				CLANG_WARN_OBJC_IMPLICIT_RETAIN_SELF = YES;
				CLANG_WARN_OBJC_LITERAL_CONVERSION = YES;
				CLANG_WARN_OBJC_ROOT_CLASS = YES_ERROR;
				CLANG_WARN_QUOTED_INCLUDE_IN_FRAMEWORK_HEADER = YES;
				CLANG_WARN_RANGE_LOOP_ANALYSIS = YES;
				CLANG_WARN_STRICT_PROTOTYPES = YES;
				CLANG_WARN_SUSPICIOUS_MOVE = YES;
				CLANG_WARN_UNGUARDED_AVAILABILITY = YES_AGGRESSIVE;
				CLANG_WARN_UNREACHABLE_CODE = YES;
				CLANG_WARN__DUPLICATE_METHOD_MATCH = YES;
				COPY_PHASE_STRIP = NO;
				DEBUG_INFORMATION_FORMAT = dwarf;
				ENABLE_STRICT_OBJC_MSGSEND = YES;
				ENABLE_TESTABILITY = YES;
				ENABLE_USER_SCRIPT_SANDBOXING = YES;
				GCC_C_LANGUAGE_STANDARD = gnu17;
				GCC_DYNAMIC_NO_PIC = NO;
				GCC_NO_COMMON_BLOCKS = YES;
				GCC_OPTIMIZATION_LEVEL = 0;
				GCC_PREPROCESSOR_DEFINITIONS = (
					"DEBUG=1",
					"$(inherited)",
				);
				GCC_WARN_64_TO_32_BIT_CONVERSION = YES;
				GCC_WARN_ABOUT_RETURN_TYPE = YES_ERROR;
				GCC_WARN_UNDECLARED_SELECTOR = YES;
				GCC_WARN_UNINITIALIZED_AUTOS = YES_AGGRESSIVE;
				GCC_WARN_UNUSED_FUNCTION = YES;
				GCC_WARN_UNUSED_VARIABLE = YES;
				IPHONEOS_DEPLOYMENT_TARGET = 17.2;
				LOCALIZATION_PREFERS_STRING_CATALOGS = YES;
				MTL_ENABLE_DEBUG_INFO = INCLUDE_SOURCE;
				MTL_FAST_MATH = YES;
				ONLY_ACTIVE_ARCH = YES;
				SDKROOT = iphoneos;
				SWIFT_ACTIVE_COMPILATION_CONDITIONS = "DEBUG $(inherited)";
				SWIFT_OPTIMIZATION_LEVEL = "-Onone";
			};
			name = Debug;
		};
		F5127C972C342304003EA34D /* Release */ = {
			isa = XCBuildConfiguration;
			buildSettings = {
				ALWAYS_SEARCH_USER_PATHS = NO;
				ASSETCATALOG_COMPILER_GENERATE_SWIFT_ASSET_SYMBOL_EXTENSIONS = YES;
				CLANG_ANALYZER_NONNULL = YES;
				CLANG_ANALYZER_NUMBER_OBJECT_CONVERSION = YES_AGGRESSIVE;
				CLANG_CXX_LANGUAGE_STANDARD = "gnu++20";
				CLANG_ENABLE_MODULES = YES;
				CLANG_ENABLE_OBJC_ARC = YES;
				CLANG_ENABLE_OBJC_WEAK = YES;
				CLANG_WARN_BLOCK_CAPTURE_AUTORELEASING = YES;
				CLANG_WARN_BOOL_CONVERSION = YES;
				CLANG_WARN_COMMA = YES;
				CLANG_WARN_CONSTANT_CONVERSION = YES;
				CLANG_WARN_DEPRECATED_OBJC_IMPLEMENTATIONS = YES;
				CLANG_WARN_DIRECT_OBJC_ISA_USAGE = YES_ERROR;
				CLANG_WARN_DOCUMENTATION_COMMENTS = YES;
				CLANG_WARN_EMPTY_BODY = YES;
				CLANG_WARN_ENUM_CONVERSION = YES;
				CLANG_WARN_INFINITE_RECURSION = YES;
				CLANG_WARN_INT_CONVERSION = YES;
				CLANG_WARN_NON_LITERAL_NULL_CONVERSION = YES;
				CLANG_WARN_OBJC_IMPLICIT_RETAIN_SELF = YES;
				CLANG_WARN_OBJC_LITERAL_CONVERSION = YES;
				CLANG_WARN_OBJC_ROOT_CLASS = YES_ERROR;
				CLANG_WARN_QUOTED_INCLUDE_IN_FRAMEWORK_HEADER = YES;
				CLANG_WARN_RANGE_LOOP_ANALYSIS = YES;
				CLANG_WARN_STRICT_PROTOTYPES = YES;
				CLANG_WARN_SUSPICIOUS_MOVE = YES;
				CLANG_WARN_UNGUARDED_AVAILABILITY = YES_AGGRESSIVE;
				CLANG_WARN_UNREACHABLE_CODE = YES;
				CLANG_WARN__DUPLICATE_METHOD_MATCH = YES;
				COPY_PHASE_STRIP = NO;
				DEBUG_INFORMATION_FORMAT = "dwarf-with-dsym";
				ENABLE_NS_ASSERTIONS = NO;
				ENABLE_STRICT_OBJC_MSGSEND = YES;
				ENABLE_USER_SCRIPT_SANDBOXING = YES;
				GCC_C_LANGUAGE_STANDARD = gnu17;
				GCC_NO_COMMON_BLOCKS = YES;
				GCC_WARN_64_TO_32_BIT_CONVERSION = YES;
				GCC_WARN_ABOUT_RETURN_TYPE = YES_ERROR;
				GCC_WARN_UNDECLARED_SELECTOR = YES;
				GCC_WARN_UNINITIALIZED_AUTOS = YES_AGGRESSIVE;
				GCC_WARN_UNUSED_FUNCTION = YES;
				GCC_WARN_UNUSED_VARIABLE = YES;
				IPHONEOS_DEPLOYMENT_TARGET = 17.2;
				LOCALIZATION_PREFERS_STRING_CATALOGS = YES;
				MTL_ENABLE_DEBUG_INFO = NO;
				MTL_FAST_MATH = YES;
				SDKROOT = iphoneos;
				SWIFT_COMPILATION_MODE = wholemodule;
				VALIDATE_PRODUCT = YES;
			};
			name = Release;
		};
		F5127C992C342304003EA34D /* Debug */ = {
			isa = XCBuildConfiguration;
			buildSettings = {
				ASSETCATALOG_COMPILER_APPICON_NAME = AppIcon;
				ASSETCATALOG_COMPILER_GLOBAL_ACCENT_COLOR_NAME = AccentColor;
				CODE_SIGN_STYLE = Automatic;
				CURRENT_PROJECT_VERSION = 1;
				DEVELOPMENT_TEAM = TH28H2DHB8;
				GENERATE_INFOPLIST_FILE = YES;
				INFOPLIST_FILE = Moody/Info.plist;
				INFOPLIST_KEY_CFBundleDisplayName = Moody;
				INFOPLIST_KEY_LSApplicationCategoryType = "public.app-category.music";
				INFOPLIST_KEY_UIApplicationSupportsIndirectInputEvents = YES;
				INFOPLIST_KEY_UILaunchStoryboardName = LaunchScreen.storyboard;
				INFOPLIST_KEY_UIStatusBarStyle = "";
				INFOPLIST_KEY_UISupportedInterfaceOrientations = UIInterfaceOrientationPortrait;
				LD_RUNPATH_SEARCH_PATHS = (
					"$(inherited)",
					"@executable_path/Frameworks",
				);
				MARKETING_VERSION = 1.0;
				PRODUCT_BUNDLE_IDENTIFIER = "dias.saiynov-nu.edu.kz.Moody";
				PRODUCT_NAME = "$(TARGET_NAME)";
				SWIFT_EMIT_LOC_STRINGS = YES;
				SWIFT_VERSION = 5.0;
				TARGETED_DEVICE_FAMILY = "1,2";
			};
			name = Debug;
		};
		F5127C9A2C342304003EA34D /* Release */ = {
			isa = XCBuildConfiguration;
			buildSettings = {
				ASSETCATALOG_COMPILER_APPICON_NAME = AppIcon;
				ASSETCATALOG_COMPILER_GLOBAL_ACCENT_COLOR_NAME = AccentColor;
				CODE_SIGN_STYLE = Automatic;
				CURRENT_PROJECT_VERSION = 1;
				DEVELOPMENT_TEAM = TH28H2DHB8;
				GENERATE_INFOPLIST_FILE = YES;
				INFOPLIST_FILE = Moody/Info.plist;
				INFOPLIST_KEY_CFBundleDisplayName = Moody;
				INFOPLIST_KEY_LSApplicationCategoryType = "public.app-category.music";
				INFOPLIST_KEY_UIApplicationSupportsIndirectInputEvents = YES;
				INFOPLIST_KEY_UILaunchStoryboardName = LaunchScreen.storyboard;
				INFOPLIST_KEY_UIStatusBarStyle = "";
				INFOPLIST_KEY_UISupportedInterfaceOrientations = UIInterfaceOrientationPortrait;
				LD_RUNPATH_SEARCH_PATHS = (
					"$(inherited)",
					"@executable_path/Frameworks",
				);
				MARKETING_VERSION = 1.0;
				PRODUCT_BUNDLE_IDENTIFIER = "dias.saiynov-nu.edu.kz.Moody";
				PRODUCT_NAME = "$(TARGET_NAME)";
				SWIFT_EMIT_LOC_STRINGS = YES;
				SWIFT_VERSION = 5.0;
				TARGETED_DEVICE_FAMILY = "1,2";
			};
			name = Release;
		};
/* End XCBuildConfiguration section */

/* Begin XCConfigurationList section */
		F5127C7C2C342301003EA34D /* Build configuration list for PBXProject "Moody" */ = {
			isa = XCConfigurationList;
			buildConfigurations = (
				F5127C962C342304003EA34D /* Debug */,
				F5127C972C342304003EA34D /* Release */,
			);
			defaultConfigurationIsVisible = 0;
			defaultConfigurationName = Release;
		};
		F5127C982C342304003EA34D /* Build configuration list for PBXNativeTarget "Moody" */ = {
			isa = XCConfigurationList;
			buildConfigurations = (
				F5127C992C342304003EA34D /* Debug */,
				F5127C9A2C342304003EA34D /* Release */,
			);
			defaultConfigurationIsVisible = 0;
			defaultConfigurationName = Release;
		};
/* End XCConfigurationList section */

/* Begin XCRemoteSwiftPackageReference section */
		F5761AB52C344E6F004AD19A /* XCRemoteSwiftPackageReference "SnapKit" */ = {
			isa = XCRemoteSwiftPackageReference;
			repositoryURL = "https://github.com/SnapKit/SnapKit.git";
			requirement = {
				kind = upToNextMajorVersion;
				minimumVersion = 5.7.1;
			};
		};
		F5D0AD882C383CAF00A1AD1F /* XCRemoteSwiftPackageReference "Kingfisher" */ = {
			isa = XCRemoteSwiftPackageReference;
			repositoryURL = "https://github.com/onevcat/Kingfisher.git";
			requirement = {
				kind = upToNextMajorVersion;
				minimumVersion = 7.12.0;
			};
		};
/* End XCRemoteSwiftPackageReference section */

/* Begin XCSwiftPackageProductDependency section */
		F5761AB62C344E6F004AD19A /* SnapKit */ = {
			isa = XCSwiftPackageProductDependency;
			package = F5761AB52C344E6F004AD19A /* XCRemoteSwiftPackageReference "SnapKit" */;
			productName = SnapKit;
		};
		F5761AB82C344E6F004AD19A /* SnapKit-Dynamic */ = {
			isa = XCSwiftPackageProductDependency;
			package = F5761AB52C344E6F004AD19A /* XCRemoteSwiftPackageReference "SnapKit" */;
			productName = "SnapKit-Dynamic";
		};
		F5D0AD892C383CAF00A1AD1F /* Kingfisher */ = {
			isa = XCSwiftPackageProductDependency;
			package = F5D0AD882C383CAF00A1AD1F /* XCRemoteSwiftPackageReference "Kingfisher" */;
			productName = Kingfisher;
		};
/* End XCSwiftPackageProductDependency section */

/* Begin XCVersionGroup section */
		F5127C8D2C342301003EA34D /* Moody.xcdatamodeld */ = {
			isa = XCVersionGroup;
			children = (
				F5127C8E2C342301003EA34D /* Moody.xcdatamodel */,
			);
			currentVersion = F5127C8E2C342301003EA34D /* Moody.xcdatamodel */;
			path = Moody.xcdatamodeld;
			sourceTree = "<group>";
			versionGroupType = wrapper.xcdatamodel;
		};
/* End XCVersionGroup section */
	};
	rootObject = F5127C792C342301003EA34D /* Project object */;
}
